{
	"name": "@kokiito0926/fs2xml",
	"version": "0.0.8",
	"lockfileVersion": 3,
	"requires": true,
	"packages": {
		"": {
			"name": "@kokiito0926/fs2xml",
			"version": "0.0.8",
			"license": "MIT",
			"dependencies": {
				"glob-parent": "^6.0.2",
				"ignore": "^7.0.5",
				"xml2js": "^0.6.2",
				"zx": "^8.8.4"
			},
			"bin": {
				"fs2xml": "index.js"
			},
			"engines": {
				"node": ">=24.0.0"
			}
		},
		"node_modules/glob-parent": {
			"version": "6.0.2",
			"resolved": "https://registry.npmjs.org/glob-parent/-/glob-parent-6.0.2.tgz",
			"integrity": "sha512-XxwI8EOhVQgWp6iDL+3b0r86f4d6AX6zSU55HfB4ydCEuXLXc5FcYeOu+nnGftS4TEju/11rt4KJPTMgbfmv4A==",
			"license": "ISC",
			"dependencies": {
				"is-glob": "^4.0.3"
			},
			"engines": {
				"node": ">=10.13.0"
			}
		},
		"node_modules/ignore": {
			"version": "7.0.5",
			"resolved": "https://registry.npmjs.org/ignore/-/ignore-7.0.5.tgz",
			"integrity": "sha512-Hs59xBNfUIunMFgWAbGX5cq6893IbWg4KnrjbYwX3tx0ztorVgTDA6B2sxf8ejHJ4wz8BqGUMYlnzNBer5NvGg==",
			"license": "MIT",
			"engines": {
				"node": ">= 4"
			}
		},
		"node_modules/is-extglob": {
			"version": "2.1.1",
			"resolved": "https://registry.npmjs.org/is-extglob/-/is-extglob-2.1.1.tgz",
			"integrity": "sha512-SbKbANkN603Vi4jEZv49LeVJMn4yGwsbzZworEoyEiutsN3nJYdbO36zfhGJ6QEDpOZIFkDtnq5JRxmvl3jsoQ==",
			"license": "MIT",
			"engines": {
				"node": ">=0.10.0"
			}
		},
		"node_modules/is-glob": {
			"version": "4.0.3",
			"resolved": "https://registry.npmjs.org/is-glob/-/is-glob-4.0.3.tgz",
			"integrity": "sha512-xelSayHH36ZgE7ZWhli7pW34hNbNl8Ojv5KVmkJD4hBdD3th8Tfk9vYasLM+mXWOZhFkgZfxhLSnrwRr4elSSg==",
			"license": "MIT",
			"dependencies": {
				"is-extglob": "^2.1.1"
			},
			"engines": {
				"node": ">=0.10.0"
			}
		},
		"node_modules/sax": {
			"version": "1.4.4",
			"resolved": "https://registry.npmjs.org/sax/-/sax-1.4.4.tgz",
			"integrity": "sha512-1n3r/tGXO6b6VXMdFT54SHzT9ytu9yr7TaELowdYpMqY/Ao7EnlQGmAQ1+RatX7Tkkdm6hONI2owqNx2aZj5Sw==",
			"license": "BlueOak-1.0.0",
			"engines": {
				"node": ">=11.0.0"
			}
		},
		"node_modules/xml2js": {
			"version": "0.6.2",
			"resolved": "https://registry.npmjs.org/xml2js/-/xml2js-0.6.2.tgz",
			"integrity": "sha512-T4rieHaC1EXcES0Kxxj4JWgaUQHDk+qwHcYOCFHfiwKz7tOVPLq7Hjq9dM1WCMhylqMEfP7hMcOIChvotiZegA==",
			"license": "MIT",
			"dependencies": {
				"sax": ">=0.6.0",
				"xmlbuilder": "~11.0.0"
			},
			"engines": {
				"node": ">=4.0.0"
			}
		},
		"node_modules/xmlbuilder": {
			"version": "11.0.1",
			"resolved": "https://registry.npmjs.org/xmlbuilder/-/xmlbuilder-11.0.1.tgz",
			"integrity": "sha512-fDlsI/kFEx7gLvbecc0/ohLG50fugQp8ryHzMTuW9vSa1GJ0XYWKnhsUx7oie3G98+r56aTQIUB4kht42R3JvA==",
			"license": "MIT",
			"engines": {
				"node": ">=4.0"
			}
		},
		"node_modules/zx": {
			"version": "8.8.5",
			"resolved": "https://registry.npmjs.org/zx/-/zx-8.8.5.tgz",
			"integrity": "sha512-SNgDF5L0gfN7FwVOdEFguY3orU5AkfFZm9B5YSHog/UDHv+lvmd82ZAsOenOkQixigwH2+yyH198AwNdKhj+RA==",
			"license": "Apache-2.0",
			"bin": {
				"zx": "build/cli.js"
			},
			"engines": {
				"node": ">= 12.17.0"
			}
		}
	}
}
